{
  "requires": true,
  "lockfileVersion": 1,
  "dependencies": {
    "canvas-gauges": {
      "version": "2.1.7",
      "resolved": "https://registry.npmjs.org/canvas-gauges/-/canvas-gauges-2.1.7.tgz",
      "integrity": "sha512-z9cXBVTZdaUIOh32g21NU8gwxEeaxpEMvkZr9t8Y0QDbZiCDq05SJ17aIt+DM12oTJAlWGluN21D+bQ0NCv5GA=="
    },
    "react-canvas-gauges": {
      "version": "1.2.1",
      "resolved": "https://registry.npmjs.org/react-canvas-gauges/-/react-canvas-gauges-1.2.1.tgz",
      "integrity": "sha512-vTcqFwZXU+38FmtZV2leIGUWuywkbySd3vkNiA5ZU7S5nP9QwmZ/z+hxwPbStwfuW2/tgHJ01Vlgbsn59sBr0g==",
      "requires": {
        "canvas-gauges": "^2.1.4"
      }
    }
  }
}
